# This file is automatically @generated by Cargo.
# It is not intended for manual editing.
version = 4

[[package]]
name = "getrandom"
version = "0.2.15"
source = "registry+https://github.com/rust-lang/crates.io-index"
checksum = "c0000000000000000000000000000000000000000000000000000000000000001"

[[package]]
name = "rd-api"
version = "1.2.3"
dependencies = [
 "rd-core",
 "rd-http",
 "rd-postprocess",
 "tracing-subscriber",
]

[[package]]
name = "rd-core"
version = "1.2.3"
dependencies = [
 "serde",
 "tokio",
]

[[package]]
name = "rd-http"
version = "1.2.3"
dependencies = [
 "rd-core",
 "rustls",
 "tracing-subscriber",
]

[[package]]
name = "rd-new"
version = "1.2.3"
dependencies = [
 "serde",
]

[[package]]
name = "rd-notify"
version = "1.2.3"
dependencies = [
 "serde",
 "tokio",
 "tracing",
]

[[package]]
name = "rd-plugin-alldebrid"
version = "1.2.2"
dependencies = [
 "serde",
 "tokio",
]

[[package]]
name = "rd-postprocess"
version = "1.2.3"
dependencies = [
 "rd-core",
 "tempfile",
 "tracing",
]

[[package]]
name = "ring"
version = "0.17.8"
source = "registry+https://github.com/rust-lang/crates.io-index"
checksum = "c0000000000000000000000000000000000000000000000000000000000000002"

[[package]]
name = "rustls"
version = "0.23.43"
source = "registry+https://github.com/rust-lang/crates.io-index"
checksum = "c0000000000000000000000000000000000000000000000000000000000000003"
dependencies = [
 "ring",
]

[[package]]
name = "serde"
version = "1.0.200"
source = "registry+https://github.com/rust-lang/crates.io-index"
checksum = "c0000000000000000000000000000000000000000000000000000000000000004"

[[package]]
name = "tempfile"
version = "3.10.0"
source = "registry+https://github.com/rust-lang/crates.io-index"
checksum = "c0000000000000000000000000000000000000000000000000000000000000005"
dependencies = [
 "getrandom",
]

[[package]]
name = "tokio"
version = "1.40.0"
source = "registry+https://github.com/rust-lang/crates.io-index"
checksum = "c0000000000000000000000000000000000000000000000000000000000000006"

[[package]]
name = "tracing"
version = "0.1.40"
source = "registry+https://github.com/rust-lang/crates.io-index"
checksum = "c0000000000000000000000000000000000000000000000000000000000000007"

[[package]]
name = "tracing-subscriber"
version = "0.3.18"
source = "registry+https://github.com/rust-lang/crates.io-index"
checksum = "c0000000000000000000000000000000000000000000000000000000000000008"
dependencies = [
 "tracing",
]
